// !$*UTF8*$!
{
	archiveVersion = 1;
	classes = {
	};
	objectVersion = 46;
	objects = {

/* Begin PBXBuildFile section */
		BE203705183E6272000E33CE /* SSKeychain.m in Sources */ = {isa = PBXBuildFile; fileRef = BE203702183E6272000E33CE /* SSKeychain.m */; };
		BE203706183E6272000E33CE /* SSKeychainQuery.m in Sources */ = {isa = PBXBuildFile; fileRef = BE203704183E6272000E33CE /* SSKeychainQuery.m */; };
		BE2D96B417D220540076258A /* ODUError.m in Sources */ = {isa = PBXBuildFile; fileRef = BE2D96B317D220540076258A /* ODUError.m */; };
		BE7DB459183B24AD0049D82F /* NSString(TextField)+isNotBlank.m in Sources */ = {isa = PBXBuildFile; fileRef = BE7DB458183B24AD0049D82F /* NSString(TextField)+isNotBlank.m */; };
		BE94E3CB1798E6830024C9E5 /* ODUserMaker.icns in Resources */ = {isa = PBXBuildFile; fileRef = BE94E3CA1798E6830024C9E5 /* ODUserMaker.icns */; };
		BE9625EA1795A75100839C80 /* Security.framework in Frameworks */ = {isa = PBXBuildFile; fileRef = BE9625E81795A74A00839C80 /* Security.framework */; };
		BEA14CBC18FECF2400BE1A00 /* DHlibxls.framework in CopyFiles */ = {isa = PBXBuildFile; fileRef = BE404EC1183FC252005BDA64 /* DHlibxls.framework */; };
		BEA14CC318FECF2800BE1A00 /* DHlibxls.framework in Frameworks */ = {isa = PBXBuildFile; fileRef = BE404EC1183FC252005BDA64 /* DHlibxls.framework */; };
		BEAA9EF71832CF8A00E0BEA8 /* ODUAlerts.m in Sources */ = {isa = PBXBuildFile; fileRef = BEAA9EF61832CF8A00E0BEA8 /* ODUAlerts.m */; };
		BEAC321F18FC9508003AEA9C /* ODUFileParser.m in Sources */ = {isa = PBXBuildFile; fileRef = BEAC321E18FC9508003AEA9C /* ODUFileParser.m */; };
		BEAC322C18FCD432003AEA9C /* NSString+StringSanitizer.m in Sources */ = {isa = PBXBuildFile; fileRef = BE29322E1796F18B001502D7 /* NSString+StringSanitizer.m */; };
		BEBFF10D18FEFC0A008030EC /* ODManager.framework in Frameworks */ = {isa = PBXBuildFile; fileRef = BEBFF10A18FEFC04008030EC /* ODManager.framework */; };
		BEBFF10E18FEFC0F008030EC /* ODManager.framework in CopyFiles */ = {isa = PBXBuildFile; fileRef = BEBFF10A18FEFC04008030EC /* ODManager.framework */; };
		BEC424F61791A7FF00CA45A5 /* Cocoa.framework in Frameworks */ = {isa = PBXBuildFile; fileRef = BEC424F51791A7FF00CA45A5 /* Cocoa.framework */; };
		BEC425001791A80000CA45A5 /* InfoPlist.strings in Resources */ = {isa = PBXBuildFile; fileRef = BEC424FE1791A80000CA45A5 /* InfoPlist.strings */; };
		BEC425021791A80000CA45A5 /* main.m in Sources */ = {isa = PBXBuildFile; fileRef = BEC425011791A80000CA45A5 /* main.m */; };
		BEC425061791A80000CA45A5 /* Credits.rtf in Resources */ = {isa = PBXBuildFile; fileRef = BEC425041791A80000CA45A5 /* Credits.rtf */; };
		BEC425091791A80000CA45A5 /* ODUDelegate.m in Sources */ = {isa = PBXBuildFile; fileRef = BEC425081791A80000CA45A5 /* ODUDelegate.m */; };
		BEC4250C1791A80000CA45A5 /* MainMenu.xib in Resources */ = {isa = PBXBuildFile; fileRef = BEC4250A1791A80000CA45A5 /* MainMenu.xib */; };
		BEC4252E1791AE3500CA45A5 /* ODUController.m in Sources */ = {isa = PBXBuildFile; fileRef = BEC4252D1791AE3500CA45A5 /* ODUController.m */; };
		BEEC31A617DAC74400209514 /* connected-local.tiff in Resources */ = {isa = PBXBuildFile; fileRef = BEEC31A317DAC74400209514 /* connected-local.tiff */; };
		BEEC31A717DAC74400209514 /* connected-offline.tiff in Resources */ = {isa = PBXBuildFile; fileRef = BEEC31A417DAC74400209514 /* connected-offline.tiff */; };
		BEEC31A817DAC74400209514 /* connected-proxy.tiff in Resources */ = {isa = PBXBuildFile; fileRef = BEEC31A517DAC74400209514 /* connected-proxy.tiff */; };
/* End PBXBuildFile section */

/* Begin PBXContainerItemProxy section */
		BEA14CBF18FECF2400BE1A00 /* PBXContainerItemProxy */ = {
			isa = PBXContainerItemProxy;
			containerPortal = BEE6B0CD18F8C9EE004316EA /* DHxlsReaderIOS.xcodeproj */;
			proxyType = 2;
			remoteGlobalIDString = BE404E84183FA700005BDA64;
			remoteInfo = DHlibxls;
		};
		BEA14CC118FECF2400BE1A00 /* PBXContainerItemProxy */ = {
			isa = PBXContainerItemProxy;
			containerPortal = BEE6B0CD18F8C9EE004316EA /* DHxlsReaderIOS.xcodeproj */;
			proxyType = 2;
			remoteGlobalIDString = BE404E95183FA700005BDA64;
			remoteInfo = DHlibxlsTests;
		};
		BEA14CC418FECF3000BE1A00 /* PBXContainerItemProxy */ = {
			isa = PBXContainerItemProxy;
			containerPortal = BEE6B0CD18F8C9EE004316EA /* DHxlsReaderIOS.xcodeproj */;
			proxyType = 1;
			remoteGlobalIDString = BE404E83183FA700005BDA64;
			remoteInfo = DHlibxls;
		};
		BEBFF10018FEFC04008030EC /* PBXContainerItemProxy */ = {
			isa = PBXContainerItemProxy;
			containerPortal = BEE6B0BE18F8B6B7004316EA /* ODManager.xcodeproj */;
			proxyType = 1;
			remoteGlobalIDString = BEA14CCA18FECF9600BE1A00;
			remoteInfo = ODManager;
		};
		BEBFF10918FEFC04008030EC /* PBXContainerItemProxy */ = {
			isa = PBXContainerItemProxy;
			containerPortal = BEE6B0BE18F8B6B7004316EA /* ODManager.xcodeproj */;
			proxyType = 2;
			remoteGlobalIDString = BEA14CCB18FECF9600BE1A00;
			remoteInfo = ODManager;
		};
		BEBFF10B18FEFC04008030EC /* PBXContainerItemProxy */ = {
			isa = PBXContainerItemProxy;
			containerPortal = BEE6B0BE18F8B6B7004316EA /* ODManager.xcodeproj */;
			proxyType = 2;
			remoteGlobalIDString = BEA14CDB18FECF9600BE1A00;
			remoteInfo = ODManagerFrameworkTests;
		};
		BEE6B0C318F8B6B7004316EA /* PBXContainerItemProxy */ = {
			isa = PBXContainerItemProxy;
			containerPortal = BEE6B0BE18F8B6B7004316EA /* ODManager.xcodeproj */;
			proxyType = 2;
			remoteGlobalIDString = BE51E45518B2907F00B11F21;
			remoteInfo = ODManager;
		};
		BEE6B0C518F8B6B7004316EA /* PBXContainerItemProxy */ = {
			isa = PBXContainerItemProxy;
			containerPortal = BEE6B0BE18F8B6B7004316EA /* ODManager.xcodeproj */;
			proxyType = 2;
			remoteGlobalIDString = BE51E46818B2907F00B11F21;
			remoteInfo = ODManagerTests;
		};
		BEE6B0D418F8C9EE004316EA /* PBXContainerItemProxy */ = {
			isa = PBXContainerItemProxy;
			containerPortal = BEE6B0CD18F8C9EE004316EA /* DHxlsReaderIOS.xcodeproj */;
			proxyType = 2;
			remoteGlobalIDString = DEB78ABF14BB9ABF00845894;
			remoteInfo = DHxlsReaderIOS;
		};
		BEE6B0D618F8C9EE004316EA /* PBXContainerItemProxy */ = {
			isa = PBXContainerItemProxy;
			containerPortal = BEE6B0CD18F8C9EE004316EA /* DHxlsReaderIOS.xcodeproj */;
			proxyType = 2;
			remoteGlobalIDString = 97BCBBE716DD4E9A00FF978C;
			remoteInfo = DHxlsReader;
		};
/* End PBXContainerItemProxy section */

/* Begin PBXCopyFilesBuildPhase section */
		BEAC322718FCD24D003AEA9C /* CopyFiles */ = {
			isa = PBXCopyFilesBuildPhase;
			buildActionMask = 2147483647;
			dstPath = "";
			dstSubfolderSpec = 10;
			files = (
				BEBFF10E18FEFC0F008030EC /* ODManager.framework in CopyFiles */,
				BEA14CBC18FECF2400BE1A00 /* DHlibxls.framework in CopyFiles */,
			);
			runOnlyForDeploymentPostprocessing = 0;
		};
/* End PBXCopyFilesBuildPhase section */

/* Begin PBXFileReference section */
		BE18C1C517D3BFEC00C92AF3 /* libTBXML.a */ = {isa = PBXFileReference; lastKnownFileType = archive.ar; name = libTBXML.a; path = "opendirectory-service/libTBXML.a"; sourceTree = "<group>"; };
		BE203701183E6272000E33CE /* SSKeychain.h */ = {isa = PBXFileReference; fileEncoding = 4; lastKnownFileType = sourcecode.c.h; name = SSKeychain.h; path = SSKeychain/SSKeychain.h; sourceTree = "<group>"; };
		BE203702183E6272000E33CE /* SSKeychain.m */ = {isa = PBXFileReference; fileEncoding = 4; lastKnownFileType = sourcecode.c.objc; name = SSKeychain.m; path = SSKeychain/SSKeychain.m; sourceTree = "<group>"; };
		BE203703183E6272000E33CE /* SSKeychainQuery.h */ = {isa = PBXFileReference; fileEncoding = 4; lastKnownFileType = sourcecode.c.h; name = SSKeychainQuery.h; path = SSKeychain/SSKeychainQuery.h; sourceTree = "<group>"; };
		BE203704183E6272000E33CE /* SSKeychainQuery.m */ = {isa = PBXFileReference; fileEncoding = 4; lastKnownFileType = sourcecode.c.objc; name = SSKeychainQuery.m; path = SSKeychain/SSKeychainQuery.m; sourceTree = "<group>"; };
		BE29322D1796F18B001502D7 /* NSString+StringSanitizer.h */ = {isa = PBXFileReference; fileEncoding = 4; lastKnownFileType = sourcecode.c.h; path = "NSString+StringSanitizer.h"; sourceTree = "<group>"; };
		BE29322E1796F18B001502D7 /* NSString+StringSanitizer.m */ = {isa = PBXFileReference; fileEncoding = 4; lastKnownFileType = sourcecode.c.objc; path = "NSString+StringSanitizer.m"; sourceTree = "<group>"; };
		BE2D96B217D220540076258A /* ODUError.h */ = {isa = PBXFileReference; fileEncoding = 4; lastKnownFileType = sourcecode.c.h; path = ODUError.h; sourceTree = "<group>"; };
		BE2D96B317D220540076258A /* ODUError.m */ = {isa = PBXFileReference; fileEncoding = 4; lastKnownFileType = sourcecode.c.objc; path = ODUError.m; sourceTree = "<group>"; };
		BE404EC1183FC252005BDA64 /* DHlibxls.framework */ = {isa = PBXFileReference; lastKnownFileType = wrapper.framework; name = DHlibxls.framework; path = "file-service/DHlibxls.framework"; sourceTree = "<group>"; };
		BE7DB457183B24AD0049D82F /* NSString(TextField)+isNotBlank.h */ = {isa = PBXFileReference; fileEncoding = 4; lastKnownFileType = sourcecode.c.h; path = "NSString(TextField)+isNotBlank.h"; sourceTree = "<group>"; };
		BE7DB458183B24AD0049D82F /* NSString(TextField)+isNotBlank.m */ = {isa = PBXFileReference; fileEncoding = 4; lastKnownFileType = sourcecode.c.objc; path = "NSString(TextField)+isNotBlank.m"; sourceTree = "<group>"; };
		BE94E3CA1798E6830024C9E5 /* ODUserMaker.icns */ = {isa = PBXFileReference; lastKnownFileType = image.icns; path = ODUserMaker.icns; sourceTree = "<group>"; };
		BE9625E81795A74A00839C80 /* Security.framework */ = {isa = PBXFileReference; lastKnownFileType = wrapper.framework; name = Security.framework; path = System/Library/Frameworks/Security.framework; sourceTree = SDKROOT; };
		BEAA9EF51832CF8A00E0BEA8 /* ODUAlerts.h */ = {isa = PBXFileReference; fileEncoding = 4; lastKnownFileType = sourcecode.c.h; path = ODUAlerts.h; sourceTree = "<group>"; };
		BEAA9EF61832CF8A00E0BEA8 /* ODUAlerts.m */ = {isa = PBXFileReference; fileEncoding = 4; lastKnownFileType = sourcecode.c.objc; path = ODUAlerts.m; sourceTree = "<group>"; };
		BEAC321D18FC9508003AEA9C /* ODUFileParser.h */ = {isa = PBXFileReference; fileEncoding = 4; lastKnownFileType = sourcecode.c.h; path = ODUFileParser.h; sourceTree = "<group>"; };
		BEAC321E18FC9508003AEA9C /* ODUFileParser.m */ = {isa = PBXFileReference; fileEncoding = 4; lastKnownFileType = sourcecode.c.objc; path = ODUFileParser.m; sourceTree = "<group>"; };
		BEC424F21791A7FF00CA45A5 /* ODUserMaker.app */ = {isa = PBXFileReference; explicitFileType = wrapper.application; includeInIndex = 0; path = ODUserMaker.app; sourceTree = BUILT_PRODUCTS_DIR; };
		BEC424F51791A7FF00CA45A5 /* Cocoa.framework */ = {isa = PBXFileReference; lastKnownFileType = wrapper.framework; name = Cocoa.framework; path = System/Library/Frameworks/Cocoa.framework; sourceTree = SDKROOT; };
		BEC424F81791A7FF00CA45A5 /* AppKit.framework */ = {isa = PBXFileReference; lastKnownFileType = wrapper.framework; name = AppKit.framework; path = System/Library/Frameworks/AppKit.framework; sourceTree = SDKROOT; };
		BEC424F91791A7FF00CA45A5 /* CoreData.framework */ = {isa = PBXFileReference; lastKnownFileType = wrapper.framework; name = CoreData.framework; path = System/Library/Frameworks/CoreData.framework; sourceTree = SDKROOT; };
		BEC424FA1791A7FF00CA45A5 /* Foundation.framework */ = {isa = PBXFileReference; lastKnownFileType = wrapper.framework; name = Foundation.framework; path = System/Library/Frameworks/Foundation.framework; sourceTree = SDKROOT; };
		BEC424FD1791A80000CA45A5 /* ODUserMaker-Info.plist */ = {isa = PBXFileReference; lastKnownFileType = text.plist.xml; path = "ODUserMaker-Info.plist"; sourceTree = "<group>"; };
		BEC424FF1791A80000CA45A5 /* en */ = {isa = PBXFileReference; lastKnownFileType = text.plist.strings; name = en; path = en.lproj/InfoPlist.strings; sourceTree = "<group>"; };
		BEC425011791A80000CA45A5 /* main.m */ = {isa = PBXFileReference; lastKnownFileType = sourcecode.c.objc; path = main.m; sourceTree = "<group>"; };
		BEC425031791A80000CA45A5 /* ODUserMaker-Prefix.pch */ = {isa = PBXFileReference; lastKnownFileType = sourcecode.c.h; path = "ODUserMaker-Prefix.pch"; sourceTree = "<group>"; };
		BEC425051791A80000CA45A5 /* en */ = {isa = PBXFileReference; lastKnownFileType = text.rtf; name = en; path = en.lproj/Credits.rtf; sourceTree = "<group>"; };
		BEC425071791A80000CA45A5 /* ODUDelegate.h */ = {isa = PBXFileReference; lastKnownFileType = sourcecode.c.h; path = ODUDelegate.h; sourceTree = "<group>"; };
		BEC425081791A80000CA45A5 /* ODUDelegate.m */ = {isa = PBXFileReference; lastKnownFileType = sourcecode.c.objc; lineEnding = 0; path = ODUDelegate.m; sourceTree = "<group>"; xcLanguageSpecificationIdentifier = xcode.lang.objc; };
		BEC4250B1791A80000CA45A5 /* en */ = {isa = PBXFileReference; lastKnownFileType = file.xib; name = en; path = en.lproj/MainMenu.xib; sourceTree = "<group>"; };
		BEC425171791A85900CA45A5 /* Foundation.framework */ = {isa = PBXFileReference; lastKnownFileType = wrapper.framework; name = Foundation.framework; path = System/Library/Frameworks/Foundation.framework; sourceTree = SDKROOT; };
		BEC4252C1791AE3500CA45A5 /* ODUController.h */ = {isa = PBXFileReference; fileEncoding = 4; lastKnownFileType = sourcecode.c.h; path = ODUController.h; sourceTree = "<group>"; };
		BEC4252D1791AE3500CA45A5 /* ODUController.m */ = {isa = PBXFileReference; fileEncoding = 4; lastKnownFileType = sourcecode.c.objc; name = ODUController.m; path = ODUserMaker/ODUController.m; sourceTree = SOURCE_ROOT; };
		BEE6B0BE18F8B6B7004316EA /* ODManager.xcodeproj */ = {isa = PBXFileReference; lastKnownFileType = "wrapper.pb-project"; name = ODManager.xcodeproj; path = ../../Frameworks/ODManager/ODManager.xcodeproj; sourceTree = "<group>"; };
		BEE6B0CD18F8C9EE004316EA /* DHxlsReaderIOS.xcodeproj */ = {isa = PBXFileReference; lastKnownFileType = "wrapper.pb-project"; name = DHxlsReaderIOS.xcodeproj; path = ../../Frameworks/DHlibxls/DHxlsReaderIOS.xcodeproj; sourceTree = "<group>"; };
		BEEC31A317DAC74400209514 /* connected-local.tiff */ = {isa = PBXFileReference; lastKnownFileType = image.tiff; path = "connected-local.tiff"; sourceTree = "<group>"; };
		BEEC31A417DAC74400209514 /* connected-offline.tiff */ = {isa = PBXFileReference; lastKnownFileType = image.tiff; path = "connected-offline.tiff"; sourceTree = "<group>"; };
		BEEC31A517DAC74400209514 /* connected-proxy.tiff */ = {isa = PBXFileReference; lastKnownFileType = image.tiff; path = "connected-proxy.tiff"; sourceTree = "<group>"; };
		BEFBDC71179C311100AB0960 /* OpenDirectory.framework */ = {isa = PBXFileReference; lastKnownFileType = wrapper.framework; name = OpenDirectory.framework; path = System/Library/Frameworks/OpenDirectory.framework; sourceTree = SDKROOT; };
/* End PBXFileReference section */

/* Begin PBXFrameworksBuildPhase section */
		BEC424EF1791A7FF00CA45A5 /* Frameworks */ = {
			isa = PBXFrameworksBuildPhase;
			buildActionMask = 2147483647;
			files = (
				BEBFF10D18FEFC0A008030EC /* ODManager.framework in Frameworks */,
				BE9625EA1795A75100839C80 /* Security.framework in Frameworks */,
				BEC424F61791A7FF00CA45A5 /* Cocoa.framework in Frameworks */,
				BEA14CC318FECF2800BE1A00 /* DHlibxls.framework in Frameworks */,
			);
			runOnlyForDeploymentPostprocessing = 0;
		};
/* End PBXFrameworksBuildPhase section */

/* Begin PBXGroup section */
		BE2FD6D717D53F7E00B3D28D /* Custom Catagories */ = {
			isa = PBXGroup;
			children = (
				BE29322D1796F18B001502D7 /* NSString+StringSanitizer.h */,
				BE29322E1796F18B001502D7 /* NSString+StringSanitizer.m */,
				BE7DB457183B24AD0049D82F /* NSString(TextField)+isNotBlank.h */,
				BE7DB458183B24AD0049D82F /* NSString(TextField)+isNotBlank.m */,
			);
			name = "Custom Catagories";
			path = Catagories;
			sourceTree = "<group>";
		};
		BEC424E91791A7FF00CA45A5 = {
			isa = PBXGroup;
			children = (
				BEC424FB1791A7FF00CA45A5 /* ODUserMaker */,
				BE2FD6D717D53F7E00B3D28D /* Custom Catagories */,
				BEC424F41791A7FF00CA45A5 /* Frameworks */,
				BEC424F31791A7FF00CA45A5 /* Products */,
				BEE6B0CD18F8C9EE004316EA /* DHxlsReaderIOS.xcodeproj */,
				BEE6B0BE18F8B6B7004316EA /* ODManager.xcodeproj */,
			);
			sourceTree = "<group>";
		};
		BEC424F31791A7FF00CA45A5 /* Products */ = {
			isa = PBXGroup;
			children = (
				BEC424F21791A7FF00CA45A5 /* ODUserMaker.app */,
			);
			name = Products;
			sourceTree = "<group>";
		};
		BEC424F41791A7FF00CA45A5 /* Frameworks */ = {
			isa = PBXGroup;
			children = (
				BE18C1C517D3BFEC00C92AF3 /* libTBXML.a */,
				BE404EC1183FC252005BDA64 /* DHlibxls.framework */,
				BE9625E81795A74A00839C80 /* Security.framework */,
				BEFBDC71179C311100AB0960 /* OpenDirectory.framework */,
				BEC424F51791A7FF00CA45A5 /* Cocoa.framework */,
				BEC425171791A85900CA45A5 /* Foundation.framework */,
				BEC424F71791A7FF00CA45A5 /* Other Frameworks */,
			);
			name = Frameworks;
			sourceTree = "<group>";
		};
		BEC424F71791A7FF00CA45A5 /* Other Frameworks */ = {
			isa = PBXGroup;
			children = (
				BEC424F81791A7FF00CA45A5 /* AppKit.framework */,
				BEC424F91791A7FF00CA45A5 /* CoreData.framework */,
				BEC424FA1791A7FF00CA45A5 /* Foundation.framework */,
			);
			name = "Other Frameworks";
			sourceTree = "<group>";
		};
		BEC424FB1791A7FF00CA45A5 /* ODUserMaker */ = {
			isa = PBXGroup;
			children = (
				BEC425071791A80000CA45A5 /* ODUDelegate.h */,
				BEC425081791A80000CA45A5 /* ODUDelegate.m */,
				BEC4252C1791AE3500CA45A5 /* ODUController.h */,
				BEC4252D1791AE3500CA45A5 /* ODUController.m */,
				BEAC321D18FC9508003AEA9C /* ODUFileParser.h */,
				BEAC321E18FC9508003AEA9C /* ODUFileParser.m */,
				BEC4250A1791A80000CA45A5 /* MainMenu.xib */,
				BEFBDC74179C95B000AB0960 /* Supporting Classes */,
				BEC424FC1791A80000CA45A5 /* Supporting Files */,
			);
			path = ODUserMaker;
			sourceTree = "<group>";
		};
		BEC424FC1791A80000CA45A5 /* Supporting Files */ = {
			isa = PBXGroup;
			children = (
				BEEC31A317DAC74400209514 /* connected-local.tiff */,
				BEEC31A417DAC74400209514 /* connected-offline.tiff */,
				BEEC31A517DAC74400209514 /* connected-proxy.tiff */,
				BEC425011791A80000CA45A5 /* main.m */,
				BEC424FD1791A80000CA45A5 /* ODUserMaker-Info.plist */,
				BEC424FE1791A80000CA45A5 /* InfoPlist.strings */,
				BE94E3CA1798E6830024C9E5 /* ODUserMaker.icns */,
				BEC425031791A80000CA45A5 /* ODUserMaker-Prefix.pch */,
				BEC425041791A80000CA45A5 /* Credits.rtf */,
			);
			name = "Supporting Files";
			sourceTree = "<group>";
		};
		BEE6B0BF18F8B6B7004316EA /* Products */ = {
			isa = PBXGroup;
			children = (
				BEE6B0C418F8B6B7004316EA /* libODManagerOSX.a */,
				BEE6B0C618F8B6B7004316EA /* ODManagerLibTests.xctest */,
				BEBFF10A18FEFC04008030EC /* ODManager.framework */,
				BEBFF10C18FEFC04008030EC /* ODManagerFrameworkTests.xctest */,
			);
			name = Products;
			sourceTree = "<group>";
		};
		BEE6B0CE18F8C9EE004316EA /* Products */ = {
			isa = PBXGroup;
			children = (
				BEE6B0D518F8C9EE004316EA /* libDHxlsReaderIOS.a */,
				BEE6B0D718F8C9EE004316EA /* libDHxlsReader.a */,
				BEA14CC018FECF2400BE1A00 /* DHlibxls.framework */,
				BEA14CC218FECF2400BE1A00 /* DHlibxlsTests.xctest */,
			);
			name = Products;
			sourceTree = "<group>";
		};
		BEFBDC74179C95B000AB0960 /* Supporting Classes */ = {
			isa = PBXGroup;
			children = (
				BEAA9EF51832CF8A00E0BEA8 /* ODUAlerts.h */,
				BEAA9EF61832CF8A00E0BEA8 /* ODUAlerts.m */,
				BE2D96B217D220540076258A /* ODUError.h */,
				BE2D96B317D220540076258A /* ODUError.m */,
				BE203701183E6272000E33CE /* SSKeychain.h */,
				BE203702183E6272000E33CE /* SSKeychain.m */,
				BE203703183E6272000E33CE /* SSKeychainQuery.h */,
				BE203704183E6272000E33CE /* SSKeychainQuery.m */,
			);
			name = "Supporting Classes";
			sourceTree = "<group>";
		};
/* End PBXGroup section */

/* Begin PBXNativeTarget section */
		BEC424F11791A7FF00CA45A5 /* ODUserMaker */ = {
			isa = PBXNativeTarget;
			buildConfigurationList = BEC4250F1791A80000CA45A5 /* Build configuration list for PBXNativeTarget "ODUserMaker" */;
			buildPhases = (
				BEC424EE1791A7FF00CA45A5 /* Sources */,
				BEC424EF1791A7FF00CA45A5 /* Frameworks */,
				BEC424F01791A7FF00CA45A5 /* Resources */,
				BEAC322718FCD24D003AEA9C /* CopyFiles */,
			);
			buildRules = (
			);
			dependencies = (
				BEBFF10118FEFC04008030EC /* PBXTargetDependency */,
				BEA14CC518FECF3000BE1A00 /* PBXTargetDependency */,
			);
			name = ODUserMaker;
			productName = ODUserMaker;
			productReference = BEC424F21791A7FF00CA45A5 /* ODUserMaker.app */;
			productType = "com.apple.product-type.application";
		};
/* End PBXNativeTarget section */

/* Begin PBXProject section */
		BEC424EA1791A7FF00CA45A5 /* Project object */ = {
			isa = PBXProject;
			attributes = {
				LastUpgradeCheck = 0460;
				ORGANIZATIONNAME = "Eldon Ahrold";
				TargetAttributes = {
					BEC424F11791A7FF00CA45A5 = {
						DevelopmentTeam = BUN87F4W87;
						SystemCapabilities = {
							com.apple.Sandbox = {
								enabled = 0;
							};
						};
					};
				};
			};
			buildConfigurationList = BEC424ED1791A7FF00CA45A5 /* Build configuration list for PBXProject "ODUserMaker" */;
			compatibilityVersion = "Xcode 3.2";
			developmentRegion = English;
			hasScannedForEncodings = 0;
			knownRegions = (
				en,
			);
			mainGroup = BEC424E91791A7FF00CA45A5;
			productRefGroup = BEC424F31791A7FF00CA45A5 /* Products */;
			projectDirPath = "";
			projectReferences = (
				{
					ProductGroup = BEE6B0CE18F8C9EE004316EA /* Products */;
					ProjectRef = BEE6B0CD18F8C9EE004316EA /* DHxlsReaderIOS.xcodeproj */;
				},
				{
					ProductGroup = BEE6B0BF18F8B6B7004316EA /* Products */;
					ProjectRef = BEE6B0BE18F8B6B7004316EA /* ODManager.xcodeproj */;
				},
			);
			projectRoot = "";
			targets = (
				BEC424F11791A7FF00CA45A5 /* ODUserMaker */,
			);
		};
/* End PBXProject section */

/* Begin PBXReferenceProxy section */
		BEA14CC018FECF2400BE1A00 /* DHlibxls.framework */ = {
			isa = PBXReferenceProxy;
			fileType = wrapper.framework;
			path = DHlibxls.framework;
			remoteRef = BEA14CBF18FECF2400BE1A00 /* PBXContainerItemProxy */;
			sourceTree = BUILT_PRODUCTS_DIR;
		};
		BEA14CC218FECF2400BE1A00 /* DHlibxlsTests.xctest */ = {
			isa = PBXReferenceProxy;
			fileType = wrapper.cfbundle;
			path = DHlibxlsTests.xctest;
			remoteRef = BEA14CC118FECF2400BE1A00 /* PBXContainerItemProxy */;
			sourceTree = BUILT_PRODUCTS_DIR;
		};
		BEBFF10A18FEFC04008030EC /* ODManager.framework */ = {
			isa = PBXReferenceProxy;
			fileType = wrapper.framework;
			path = ODManager.framework;
			remoteRef = BEBFF10918FEFC04008030EC /* PBXContainerItemProxy */;
			sourceTree = BUILT_PRODUCTS_DIR;
		};
		BEBFF10C18FEFC04008030EC /* ODManagerFrameworkTests.xctest */ = {
			isa = PBXReferenceProxy;
			fileType = wrapper.cfbundle;
			path = ODManagerFrameworkTests.xctest;
			remoteRef = BEBFF10B18FEFC04008030EC /* PBXContainerItemProxy */;
			sourceTree = BUILT_PRODUCTS_DIR;
		};
		BEE6B0C418F8B6B7004316EA /* libODManagerOSX.a */ = {
			isa = PBXReferenceProxy;
			fileType = archive.ar;
			path = libODManagerOSX.a;
			remoteRef = BEE6B0C318F8B6B7004316EA /* PBXContainerItemProxy */;
			sourceTree = BUILT_PRODUCTS_DIR;
		};
		BEE6B0C618F8B6B7004316EA /* ODManagerLibTests.xctest */ = {
			isa = PBXReferenceProxy;
			fileType = wrapper.cfbundle;
			path = ODManagerLibTests.xctest;
			remoteRef = BEE6B0C518F8B6B7004316EA /* PBXContainerItemProxy */;
			sourceTree = BUILT_PRODUCTS_DIR;
		};
		BEE6B0D518F8C9EE004316EA /* libDHxlsReaderIOS.a */ = {
			isa = PBXReferenceProxy;
			fileType = archive.ar;
			path = libDHxlsReaderIOS.a;
			remoteRef = BEE6B0D418F8C9EE004316EA /* PBXContainerItemProxy */;
			sourceTree = BUILT_PRODUCTS_DIR;
		};
		BEE6B0D718F8C9EE004316EA /* libDHxlsReader.a */ = {
			isa = PBXReferenceProxy;
			fileType = archive.ar;
			path = libDHxlsReader.a;
			remoteRef = BEE6B0D618F8C9EE004316EA /* PBXContainerItemProxy */;
			sourceTree = BUILT_PRODUCTS_DIR;
		};
/* End PBXReferenceProxy section */

/* Begin PBXResourcesBuildPhase section */
		BEC424F01791A7FF00CA45A5 /* Resources */ = {
			isa = PBXResourcesBuildPhase;
			buildActionMask = 2147483647;
			files = (
				BEC425001791A80000CA45A5 /* InfoPlist.strings in Resources */,
				BEC425061791A80000CA45A5 /* Credits.rtf in Resources */,
				BEC4250C1791A80000CA45A5 /* MainMenu.xib in Resources */,
				BE94E3CB1798E6830024C9E5 /* ODUserMaker.icns in Resources */,
				BEEC31A617DAC74400209514 /* connected-local.tiff in Resources */,
				BEEC31A717DAC74400209514 /* connected-offline.tiff in Resources */,
				BEEC31A817DAC74400209514 /* connected-proxy.tiff in Resources */,
			);
			runOnlyForDeploymentPostprocessing = 0;
		};
/* End PBXResourcesBuildPhase section */

/* Begin PBXSourcesBuildPhase section */
		BEC424EE1791A7FF00CA45A5 /* Sources */ = {
			isa = PBXSourcesBuildPhase;
			buildActionMask = 2147483647;
			files = (
				BEC425021791A80000CA45A5 /* main.m in Sources */,
				BEC425091791A80000CA45A5 /* ODUDelegate.m in Sources */,
				BEC4252E1791AE3500CA45A5 /* ODUController.m in Sources */,
				BEAC321F18FC9508003AEA9C /* ODUFileParser.m in Sources */,
				BEAA9EF71832CF8A00E0BEA8 /* ODUAlerts.m in Sources */,
				BE2D96B417D220540076258A /* ODUError.m in Sources */,
				BE203705183E6272000E33CE /* SSKeychain.m in Sources */,
				BE203706183E6272000E33CE /* SSKeychainQuery.m in Sources */,
				BE7DB459183B24AD0049D82F /* NSString(TextField)+isNotBlank.m in Sources */,
				BEAC322C18FCD432003AEA9C /* NSString+StringSanitizer.m in Sources */,
			);
			runOnlyForDeploymentPostprocessing = 0;
		};
/* End PBXSourcesBuildPhase section */

/* Begin PBXTargetDependency section */
		BEA14CC518FECF3000BE1A00 /* PBXTargetDependency */ = {
			isa = PBXTargetDependency;
			name = DHlibxls;
			targetProxy = BEA14CC418FECF3000BE1A00 /* PBXContainerItemProxy */;
		};
		BEBFF10118FEFC04008030EC /* PBXTargetDependency */ = {
			isa = PBXTargetDependency;
			name = ODManager;
			targetProxy = BEBFF10018FEFC04008030EC /* PBXContainerItemProxy */;
		};
/* End PBXTargetDependency section */

/* Begin PBXVariantGroup section */
		BEC424FE1791A80000CA45A5 /* InfoPlist.strings */ = {
			isa = PBXVariantGroup;
			children = (
				BEC424FF1791A80000CA45A5 /* en */,
			);
			name = InfoPlist.strings;
			sourceTree = "<group>";
		};
		BEC425041791A80000CA45A5 /* Credits.rtf */ = {
			isa = PBXVariantGroup;
			children = (
				BEC425051791A80000CA45A5 /* en */,
			);
			name = Credits.rtf;
			sourceTree = "<group>";
		};
		BEC4250A1791A80000CA45A5 /* MainMenu.xib */ = {
			isa = PBXVariantGroup;
			children = (
				BEC4250B1791A80000CA45A5 /* en */,
			);
			name = MainMenu.xib;
			sourceTree = "<group>";
		};
/* End PBXVariantGroup section */

/* Begin XCBuildConfiguration section */
		BEC4250D1791A80000CA45A5 /* Debug */ = {
			isa = XCBuildConfiguration;
			buildSettings = {
				ALWAYS_SEARCH_USER_PATHS = NO;
				ARCHS = "$(ARCHS_STANDARD_64_BIT)";
				CLANG_CXX_LANGUAGE_STANDARD = "gnu++0x";
				CLANG_CXX_LIBRARY = "libc++";
				CLANG_WARN_CONSTANT_CONVERSION = YES;
				CLANG_WARN_EMPTY_BODY = YES;
				CLANG_WARN_ENUM_CONVERSION = YES;
				CLANG_WARN_INT_CONVERSION = YES;
				CLANG_WARN__DUPLICATE_METHOD_MATCH = YES;
				COPY_PHASE_STRIP = NO;
				GCC_C_LANGUAGE_STANDARD = gnu99;
				GCC_DYNAMIC_NO_PIC = NO;
				GCC_ENABLE_OBJC_EXCEPTIONS = YES;
				GCC_OPTIMIZATION_LEVEL = 0;
				GCC_PREPROCESSOR_DEFINITIONS = (
					"DEBUG=1",
					"$(inherited)",
				);
				GCC_SYMBOLS_PRIVATE_EXTERN = NO;
				GCC_WARN_64_TO_32_BIT_CONVERSION = YES;
				GCC_WARN_ABOUT_RETURN_TYPE = YES;
				GCC_WARN_UNINITIALIZED_AUTOS = YES;
				GCC_WARN_UNUSED_VARIABLE = YES;
				HEADER_SEARCH_PATHS = "";
				MACOSX_DEPLOYMENT_TARGET = 10.8;
				ONLY_ACTIVE_ARCH = YES;
				SDKROOT = macosx;
			};
			name = Debug;
		};
		BEC4250E1791A80000CA45A5 /* Release */ = {
			isa = XCBuildConfiguration;
			buildSettings = {
				ALWAYS_SEARCH_USER_PATHS = NO;
				ARCHS = "$(ARCHS_STANDARD_64_BIT)";
				CLANG_CXX_LANGUAGE_STANDARD = "gnu++0x";
				CLANG_CXX_LIBRARY = "libc++";
				CLANG_WARN_CONSTANT_CONVERSION = YES;
				CLANG_WARN_EMPTY_BODY = YES;
				CLANG_WARN_ENUM_CONVERSION = YES;
				CLANG_WARN_INT_CONVERSION = YES;
				CLANG_WARN__DUPLICATE_METHOD_MATCH = YES;
				COPY_PHASE_STRIP = YES;
				DEBUG_INFORMATION_FORMAT = "dwarf-with-dsym";
				GCC_C_LANGUAGE_STANDARD = gnu99;
				GCC_ENABLE_OBJC_EXCEPTIONS = YES;
				GCC_WARN_64_TO_32_BIT_CONVERSION = YES;
				GCC_WARN_ABOUT_RETURN_TYPE = YES;
				GCC_WARN_UNINITIALIZED_AUTOS = YES;
				GCC_WARN_UNUSED_VARIABLE = YES;
				HEADER_SEARCH_PATHS = "";
				MACOSX_DEPLOYMENT_TARGET = 10.8;
				SDKROOT = macosx;
			};
			name = Release;
		};
		BEC425101791A80000CA45A5 /* Debug */ = {
			isa = XCBuildConfiguration;
			buildSettings = {
				CLANG_ENABLE_OBJC_ARC = YES;
				CODE_SIGN_IDENTITY = "Developer ID Application";
				"CODE_SIGN_IDENTITY[sdk=macosx*]" = "Developer ID Application";
				COMBINE_HIDPI_IMAGES = YES;
				COPY_PHASE_STRIP = NO;
				FRAMEWORK_SEARCH_PATHS = (
					"$(inherited)",
					"$(USER_LIBRARY_DIR)/Developer/Xcode/DerivedData/ODUserMaker-gikbblkocpqtanaylaatmgpdajik/Build/Products/Debug",
					"/Volumes/myHome/Users/eldon/Desktop/myGit/My_Objective-c/ODUserMaker/file-service",
				);
				GCC_PRECOMPILE_PREFIX_HEADER = YES;
				GCC_PREFIX_HEADER = "ODUserMaker/ODUserMaker-Prefix.pch";
				HEADER_SEARCH_PATHS = "./**";
				INFOPLIST_FILE = "ODUserMaker/ODUserMaker-Info.plist";
				MACOSX_DEPLOYMENT_TARGET = 10.9;
				ONLY_ACTIVE_ARCH = YES;
				OTHER_CODE_SIGN_FLAGS = "";
				OTHER_LDFLAGS = "-ObjC";
				PRODUCT_NAME = "$(TARGET_NAME)";
				PROVISIONING_PROFILE = "";
				SDKROOT = macosx;
				WRAPPER_EXTENSION = app;
			};
			name = Debug;
		};
		BEC425111791A80000CA45A5 /* Release */ = {
			isa = XCBuildConfiguration;
			buildSettings = {
				CLANG_ENABLE_OBJC_ARC = YES;
				CODE_SIGN_IDENTITY = "Developer ID Application";
				"CODE_SIGN_IDENTITY[sdk=macosx*]" = "Developer ID Application";
				COMBINE_HIDPI_IMAGES = YES;
				COPY_PHASE_STRIP = NO;
				FRAMEWORK_SEARCH_PATHS = (
					"$(inherited)",
					"$(USER_LIBRARY_DIR)/Developer/Xcode/DerivedData/ODUserMaker-gikbblkocpqtanaylaatmgpdajik/Build/Products/Debug",
					"/Volumes/myHome/Users/eldon/Desktop/myGit/My_Objective-c/ODUserMaker/file-service",
				);
				GCC_PRECOMPILE_PREFIX_HEADER = YES;
				GCC_PREFIX_HEADER = "ODUserMaker/ODUserMaker-Prefix.pch";
				HEADER_SEARCH_PATHS = "./**";
				INFOPLIST_FILE = "ODUserMaker/ODUserMaker-Info.plist";
				MACOSX_DEPLOYMENT_TARGET = 10.9;
				ONLY_ACTIVE_ARCH = NO;
				OTHER_CODE_SIGN_FLAGS = "";
				OTHER_LDFLAGS = "-ObjC";
				PRODUCT_NAME = "$(TARGET_NAME)";
				PROVISIONING_PROFILE = "";
				SDKROOT = macosx;
				WRAPPER_EXTENSION = app;
			};
			name = Release;
		};
/* End XCBuildConfiguration section */

/* Begin XCConfigurationList section */
		BEC424ED1791A7FF00CA45A5 /* Build configuration list for PBXProject "ODUserMaker" */ = {
			isa = XCConfigurationList;
			buildConfigurations = (
				BEC4250D1791A80000CA45A5 /* Debug */,
				BEC4250E1791A80000CA45A5 /* Release */,
			);
			defaultConfigurationIsVisible = 0;
			defaultConfigurationName = Release;
		};
		BEC4250F1791A80000CA45A5 /* Build configuration list for PBXNativeTarget "ODUserMaker" */ = {
			isa = XCConfigurationList;
			buildConfigurations = (
				BEC425101791A80000CA45A5 /* Debug */,
				BEC425111791A80000CA45A5 /* Release */,
			);
			defaultConfigurationIsVisible = 0;
			defaultConfigurationName = Release;
		};
/* End XCConfigurationList section */
	};
	rootObject = BEC424EA1791A7FF00CA45A5 /* Project object */;
}
